github.com/chai2010/luapkg-go v1.0.0 h1:GaNGqmMxfgI/5hHs7dC/S8pNusFMFXfIwntvbcfWS28=
github.com/chai2010/luapkg-go v1.0.0/go.mod h1:OEcC34kSUvinD+DwkMj3+/c9oRwVIYALFSC+dr4LaiM=
github.com/golang/protobuf v1.2.0 h1:P3YflyNX/ehuJFLhxviNdFxQPkGK5cDcApsge1SqnvM=
github.com/golang/protobuf v1.2.0/go.mod h1:6lQm79b+lXiMfvg/cZm0SGofjICqVBUtrP5yJMmIC1U=
github.com/urfave/cli v1.20.0 h1:fDqGv3UG/4jbVl/QkFwEdddtEDjh/5Ov6X+0B/3bPaw=
github.com/urfave/cli v1.20.0/go.mod h1:70zkFmudgCuE/ngEzBv17Jvp/497gISqfk5gWijbERA=
github.com/yuin/gopher-lua v0.0.0-20181031023651-12c4817b42c5 h1:d9vJ/8gXbVnNk8QFOxFZ7MN7TuHiuvolK1usz5KXVDo=
github.com/yuin/gopher-lua v0.0.0-20181031023651-12c4817b42c5/go.mod h1:aEV29XrmTYFr3CiRxZeGHpkvbwq+prZduBqMaascyCU=
golang.org/x/net v0.0.0-20181029044818-c44066c5c816 h1:mVFkLpejdFLXVUv9E42f3XJVfMdqd0IVLVIVLjZWn5o=
golang.org/x/net v0.0.0-20181029044818-c44066c5c816/go.mod h1:mL1N/T3taQHkDXs73rZJwtUhF3w3ftmwwsq0BUmARs4=
golang.org/x/sync v0.0.0-20180314180146-1d60e4601c6f h1:wMNYb4v58l5UBM7MYRLPG6ZhfOqbKu7X5eyFl8ZhKvA=
golang.org/x/sync v0.0.0-20180314180146-1d60e4601c6f/go.mod h1:RxMgew5VJxzue5/jJTE5uejpjVlOe/izrB70Jof72aM=
rsc.io/goversion v1.2.0 h1:SPn+NLTiAG7w30IRK/DKp1BjvpWabYgxlLp/+kx5J8w=
rsc.io/goversion v1.2.0/go.mod h1:Eih9y/uIBS3ulggl7KNJ09xGSLcuNaLgmvvqa07sgfo=
