github.com/BixData/gluasocket v0.0.0-20180204164440-54019b8e3473 h1:kbzULbgX0P37aXbFeARIPLbGKPdL2lEc3jHTFzw7e/0=
github.com/BixData/gluasocket v0.0.0-20180204164440-54019b8e3473/go.mod h1:WpliSNHYF4EpwSuCuqsM23NyEFNJe8XCHEEorFDA46Y=
github.com/chai2010/glua-getopt v0.0.0-20171229084952-6a0e5c7703c8 h1:b8vG7fSnrygK8kEGZoBbTt7FO0PUo7YMI+hQi2riaDM=
github.com/chai2010/glua-getopt v0.0.0-20171229084952-6a0e5c7703c8/go.mod h1:QxPs9PRoY0A2yQz2vXkvZ6N0kmEiI0a9/gtfEZjsxV8=
github.com/chai2010/glua-helper v0.0.0-20171228064744-0e9a290dbcdf h1:83/SiZ9gCO63c1fSVuBlYsNMSwbzYw0nLT6BgU3IAbU=
github.com/chai2010/glua-helper v0.0.0-20171228064744-0e9a290dbcdf/go.mod h1:g4T7SP6g4zcVGZu2Xt2l9v+j8WRUKnrSFI13MYeQtD4=
github.com/chai2010/glua-json v0.0.0-20171229082532-fa58bcfceb36 h1:kn97swBWjVbCefIGxxRKYHWAhiXjPGXIYB2/fYMZEEI=
github.com/chai2010/glua-json v0.0.0-20171229082532-fa58bcfceb36/go.mod h1:4+6ZNw+vizJYI+kA/Cqx+/nqdSV0S5iL0roGaiKK2e0=
github.com/chai2010/glua-lake v0.0.0-20171229090032-27864a3fdcf1 h1:XU5w5ycl2TlUS/YVuA/gLY4rcOr7IBMu1jnO+IR8VCs=
github.com/chai2010/glua-lake v0.0.0-20171229090032-27864a3fdcf1/go.mod h1:OaZ0GGFYseKXteEEfzkOXRpoXkRbHDJWb99LM6Z1I0g=
github.com/chai2010/glua-lfs v0.0.0-20171229082232-2e66e0f5ad6d h1:TZdHluEI4x7XKYxBF+tNmh9DWUrko100VD9JvteZvt4=
github.com/chai2010/glua-lfs v0.0.0-20171229082232-2e66e0f5ad6d/go.mod h1:hoAYDuGh5k1py61IsMUvwAwJZECXpBAsdZkazqp6spQ=
github.com/chai2010/glua-strings v0.0.0-20171228050705-5ebbb51f4133 h1:mywvI46Cc9KmjdYG0Mrhm41SUwcXR88vY+4SK0+8pR8=
github.com/chai2010/glua-strings v0.0.0-20171228050705-5ebbb51f4133/go.mod h1:Ujv8AWr5PquFfwTqGV6c8MP+tuG1q7SgYdkZ7umTUsQ=
github.com/cjoudrey/gluahttp v0.0.0-20180401075744-7065ce73b887 h1:ZArneCReic+EyZX8fEVDdgJbfw57dFx9Q9O4a3S/JrI=
github.com/cjoudrey/gluahttp v0.0.0-20180401075744-7065ce73b887/go.mod h1:X97UjDTXp+7bayQSFZk2hPvCTmTZIicUjZQRtkwgAKY=
github.com/cjoudrey/gluaurl v0.0.0-20161028222611-31cbb9bef199 h1:cJ1E8ZwZLfercTX3dywnCAQDilbbi+m2cw3+8tCFpRo=
github.com/cjoudrey/gluaurl v0.0.0-20161028222611-31cbb9bef199/go.mod h1:jC+zrjHA5CaxJzn+tojIoIOzSp/6BlkRWXnMlxNkB+g=
github.com/fatih/structs v1.1.0 h1:Q7juDM0QtcnhCpeyLGQKyg4TOIghuNXrkL32pHAUMxo=
github.com/fatih/structs v1.1.0/go.mod h1:9NiDSp5zOcgEDl+j00MP/WkGVPOlPRLejGD8Ga6PJ7M=
github.com/golang/protobuf v1.2.0 h1:P3YflyNX/ehuJFLhxviNdFxQPkGK5cDcApsge1SqnvM=
github.com/golang/protobuf v1.2.0/go.mod h1:6lQm79b+lXiMfvg/cZm0SGofjICqVBUtrP5yJMmIC1U=
github.com/urfave/cli v1.20.0 h1:fDqGv3UG/4jbVl/QkFwEdddtEDjh/5Ov6X+0B/3bPaw=
github.com/urfave/cli v1.20.0/go.mod h1:70zkFmudgCuE/ngEzBv17Jvp/497gISqfk5gWijbERA=
github.com/yuin/gopher-lua v0.0.0-20181031023651-12c4817b42c5 h1:d9vJ/8gXbVnNk8QFOxFZ7MN7TuHiuvolK1usz5KXVDo=
github.com/yuin/gopher-lua v0.0.0-20181031023651-12c4817b42c5/go.mod h1:aEV29XrmTYFr3CiRxZeGHpkvbwq+prZduBqMaascyCU=
